
Microsoft Visual Studio Solution File, Format Version 12.00
# Visual Studio Version 17
VisualStudioVersion = 17.12.35728.132
MinimumVisualStudioVersion = 10.0.40219.1
Project("{FAE04EC0-301F-11D3-BF4B-00C04F79EFBC}") = "RealtimeApi", "RealtimeApi\RealtimeApi.csproj", "{443E3D0A-AA12-4443-9151-CFA18527FD7A}"
EndProject
Project("{2150E333-8FDC-42A3-9474-1A3956D46DE8}") = "Solution Items", "Solution Items", "{32C6F762-1330-41B0-97E0-846B2C52C887}"
	ProjectSection(SolutionItems) = preProject
		.gitignore = .gitignore
	EndProjectSection
EndProject
Global
	GlobalSection(SolutionConfigurationPlatforms) = preSolution
		Debug|Any CPU = Debug|Any CPU
		Release|Any CPU = Release|Any CPU
	EndGlobalSection
	GlobalSection(ProjectConfigurationPlatforms) = postSolution
		{443E3D0A-AA12-4443-9151-CFA18527FD7A}.Debug|Any CPU.ActiveCfg = Debug|Any CPU
		{443E3D0A-AA12-4443-9151-CFA18527FD7A}.Debug|Any CPU.Build.0 = Debug|Any CPU
		{443E3D0A-AA12-4443-9151-CFA18527FD7A}.Release|Any CPU.ActiveCfg = Release|Any CPU
		{443E3D0A-AA12-4443-9151-CFA18527FD7A}.Release|Any CPU.Build.0 = Release|Any CPU
	EndGlobalSection
	GlobalSection(SolutionProperties) = preSolution
		HideSolutionNode = FALSE
	EndGlobalSection
EndGlobal
